<?xml version="1.0" encoding="utf-8"?>
<Project xmlns="http://schemas.microsoft.com/developer/msbuild/2003">
  <ItemGroup>
    <Filter Include="Form Files">
      <UniqueIdentifier>{99349809-55BA-4b9d-BF79-8FDBB0286EB3}</UniqueIdentifier>
      <Extensions>ui</Extensions>
      <ParseFiles>false</ParseFiles>
    </Filter>
    <Filter Include="Form Files">
      <UniqueIdentifier>{99349809-55BA-4b9d-BF79-8FDBB0286EB3}</UniqueIdentifier>
      <Extensions>ui</Extensions>
      <ParseFiles>false</ParseFiles>
    </Filter>
    <Filter Include="Generated Files">
      <UniqueIdentifier>{71ED8ED8-ACB9-4CE9-BBE1-E00B30144E11}</UniqueIdentifier>
      <Extensions>cpp;c;cxx;moc;h;def;odl;idl;res;</Extensions>
    </Filter>
    <Filter Include="Generated Files">
      <UniqueIdentifier>{71ED8ED8-ACB9-4CE9-BBE1-E00B30144E11}</UniqueIdentifier>
      <Extensions>cpp;c;cxx;moc;h;def;odl;idl;res;</Extensions>
    </Filter>
    <Filter Include="Header Files">
      <UniqueIdentifier>{93995380-89BD-4b04-88EB-625FBE52EBFB}</UniqueIdentifier>
      <Extensions>h;hpp;hxx;hm;inl;inc;xsd</Extensions>
    </Filter>
    <Filter Include="Header Files">
      <UniqueIdentifier>{93995380-89BD-4b04-88EB-625FBE52EBFB}</UniqueIdentifier>
      <Extensions>h;hpp;hxx;hm;inl;inc;xsd</Extensions>
    </Filter>
    <Filter Include="Source Files">
      <UniqueIdentifier>{4FC737F1-C7A5-4376-A066-2A32D752A2FF}</UniqueIdentifier>
      <Extensions>cpp;c;cxx;def;odl;idl;hpj;bat;asm;asmx</Extensions>
    </Filter>
    <Filter Include="Source Files">
      <UniqueIdentifier>{4FC737F1-C7A5-4376-A066-2A32D752A2FF}</UniqueIdentifier>
      <Extensions>cpp;c;cxx;def;odl;idl;hpj;bat;asm;asmx</Extensions>
    </Filter>
  </ItemGroup>
  <ItemGroup>
    <ClCompile Include="src\widget\clickable_lable.cpp">
      <Filter>Source Files</Filter>
    </ClCompile>
    <ClCompile Include="src\sql\client_mysql.cpp">
      <Filter>Source Files</Filter>
    </ClCompile>
    <ClCompile Include="src\sql\client_sqlite.cpp">
      <Filter>Source Files</Filter>
    </ClCompile>
    <ClCompile Include="src\ui\course_dialog.cpp">
      <Filter>Source Files</Filter>
    </ClCompile>
    <ClCompile Include="src\ui\exam_dialog.cpp">
      <Filter>Source Files</Filter>
    </ClCompile>
    <ClCompile Include="src\functions.cpp">
      <Filter>Source Files</Filter>
    </ClCompile>
    <ClCompile Include="src\ui\login_window.cpp">
      <Filter>Source Files</Filter>
    </ClCompile>
    <ClCompile Include="src\main.cpp">
      <Filter>Source Files</Filter>
    </ClCompile>
    <ClCompile Include="src\ui\main_window.cpp">
      <Filter>Source Files</Filter>
    </ClCompile>
    <ClCompile Include="src\ui\register_window.cpp">
      <Filter>Source Files</Filter>
    </ClCompile>
    <ClCompile Include="src\ui\reset_passwd_window.cpp">
      <Filter>Source Files</Filter>
    </ClCompile>
    <ClCompile Include="src\ui\score_dialog.cpp">
      <Filter>Source Files</Filter>
    </ClCompile>
    <ClCompile Include="src\ui\student_dialog.cpp">
      <Filter>Source Files</Filter>
    </ClCompile>
  </ItemGroup>
  <ItemGroup>
    <QtMoc Include="src\widget\clickable_lable.h">
      <Filter>Header Files</Filter>
    </QtMoc>
    <ClInclude Include="src\sql\client_mysql.h">
      <Filter>Header Files</Filter>
    </ClInclude>
    <ClInclude Include="src\sql\client_sqlite.h">
      <Filter>Header Files</Filter>
    </ClInclude>
    <QtMoc Include="src\ui\course_dialog.h">
      <Filter>Header Files</Filter>
    </QtMoc>
    <QtMoc Include="src\ui\exam_dialog.h">
      <Filter>Header Files</Filter>
    </QtMoc>
    <ClInclude Include="src\functions.h">
      <Filter>Header Files</Filter>
    </ClInclude>
    <QtMoc Include="src\ui\login_window.h">
      <Filter>Header Files</Filter>
    </QtMoc>
    <QtMoc Include="src\ui\main_window.h">
      <Filter>Header Files</Filter>
    </QtMoc>
    <QtMoc Include="src\ui\register_window.h">
      <Filter>Header Files</Filter>
    </QtMoc>
    <QtMoc Include="src\ui\reset_passwd_window.h">
      <Filter>Header Files</Filter>
    </QtMoc>
    <QtMoc Include="src\ui\score_dialog.h">
      <Filter>Header Files</Filter>
    </QtMoc>
    <ClInclude Include="src\sql.h">
      <Filter>Header Files</Filter>
    </ClInclude>
    <QtMoc Include="src\ui\student_dialog.h">
      <Filter>Header Files</Filter>
    </QtMoc>
  </ItemGroup>
  <ItemGroup>
    <CustomBuild Include="debug\moc_predefs.h.cbt">
      <Filter>Generated Files</Filter>
    </CustomBuild>
    <CustomBuild Include="release\moc_predefs.h.cbt">
      <Filter>Generated Files</Filter>
    </CustomBuild>
  </ItemGroup>
  <ItemGroup>
    <QtUic Include="src\ui\add_score_dialog.ui">
      <Filter>Form Files</Filter>
    </QtUic>
    <QtUic Include="src\ui\course_dialog.ui">
      <Filter>Form Files</Filter>
    </QtUic>
    <QtUic Include="src\ui\exam_dialog.ui">
      <Filter>Form Files</Filter>
    </QtUic>
    <QtUic Include="src\ui\login_window.ui">
      <Filter>Form Files</Filter>
    </QtUic>
    <QtUic Include="src\ui\main_window.ui">
      <Filter>Form Files</Filter>
    </QtUic>
    <QtUic Include="src\ui\register_window.ui">
      <Filter>Form Files</Filter>
    </QtUic>
    <QtUic Include="src\ui\reset_passwd_window.ui">
      <Filter>Form Files</Filter>
    </QtUic>
    <QtUic Include="src\ui\score_dialog.ui">
      <Filter>Form Files</Filter>
    </QtUic>
    <QtUic Include="src\ui\student_dialog.ui">
      <Filter>Form Files</Filter>
    </QtUic>
  </ItemGroup>
</Project>